
Microsoft Visual Studio Solution File, Format Version 12.00
# Visual Studio 14
VisualStudioVersion = 14.0.23107.0
MinimumVisualStudioVersion = 10.0.40219.1
Project("{FAE04EC0-301F-11D3-BF4B-00C04F79EFBC}") = "LPD.Compiler", "LPD.Compiler\LPD.Compiler.csproj", "{9E477E1A-4CFC-42EB-826F-1D91E924FAF0}"
EndProject
Project("{FAE04EC0-301F-11D3-BF4B-00C04F79EFBC}") = "LPD.Compiler.Lexical", "LPD.Compiler.Lexical\LPD.Compiler.Lexical.csproj", "{44C76A22-259B-4B79-80F2-FC4EF94BD590}"
EndProject
Project("{F088123C-0E9E-452A-89E6-6BA2F21D5CAC}") = "LPD.Compiler.Architecture", "LPD.Compiler.Architecture\LPD.Compiler.Architecture.modelproj", "{41EE4447-BBF7-4D83-9F24-74F3095680D2}"
EndProject
Project("{6141683F-8A12-4E36-9623-2EB02B2C2303}") = "LPD.Compiler.Installer", "LPD.Compiler.Installer\LPD.Compiler.Installer.isproj", "{C4F75CBE-E09A-4454-ABA3-9A3B43399728}"
	ProjectSection(ProjectDependencies) = postProject
		{9E477E1A-4CFC-42EB-826F-1D91E924FAF0} = {9E477E1A-4CFC-42EB-826F-1D91E924FAF0}
		{44C76A22-259B-4B79-80F2-FC4EF94BD590} = {44C76A22-259B-4B79-80F2-FC4EF94BD590}
		{4D183E80-0C74-43AA-8500-95108E3AF911} = {4D183E80-0C74-43AA-8500-95108E3AF911}
		{A196D281-2E94-4E65-9239-65A2800BF79B} = {A196D281-2E94-4E65-9239-65A2800BF79B}
		{A23F12AB-72E1-482D-9057-72E868306069} = {A23F12AB-72E1-482D-9057-72E868306069}
	EndProjectSection
EndProject
Project("{FAE04EC0-301F-11D3-BF4B-00C04F79EFBC}") = "LPD.Compiler.Shared", "LPD.Compiler.Shared\LPD.Compiler.Shared.csproj", "{A196D281-2E94-4E65-9239-65A2800BF79B}"
EndProject
Project("{FAE04EC0-301F-11D3-BF4B-00C04F79EFBC}") = "LPD.Compiler.Syntactic", "LPD.Compiler.Syntactic\LPD.Compiler.Syntactic.csproj", "{A23F12AB-72E1-482D-9057-72E868306069}"
EndProject
Project("{FAE04EC0-301F-11D3-BF4B-00C04F79EFBC}") = "LPD.Compiler.SymbolsTable", "LPD.Compiler.SymbolsTable\LPD.Compiler.SymbolsTable.csproj", "{4D183E80-0C74-43AA-8500-95108E3AF911}"
EndProject
Project("{FAE04EC0-301F-11D3-BF4B-00C04F79EFBC}") = "LPD.Compiler.Test", "LPD.Compiler.Test\LPD.Compiler.Test.csproj", "{A88677BE-8D5B-46DA-92BA-4269EACF1DBD}"
EndProject
Project("{FAE04EC0-301F-11D3-BF4B-00C04F79EFBC}") = "LPD.Compiler.Semantic", "LPD.Compiler.Semantic\LPD.Compiler.Semantic.csproj", "{31310585-1A66-4D64-A415-78595A23BE7F}"
EndProject
Project("{FAE04EC0-301F-11D3-BF4B-00C04F79EFBC}") = "LPD.Compiler.CodeGeneration", "LPD.Compiler.CodeGenerator\LPD.Compiler.CodeGeneration.csproj", "{599D1F50-A17B-4070-8D70-9865CA95CE26}"
EndProject
Global
	GlobalSection(SolutionConfigurationPlatforms) = preSolution
		CD_ROM|Any CPU = CD_ROM|Any CPU
		Debug|Any CPU = Debug|Any CPU
		DVD-5|Any CPU = DVD-5|Any CPU
		Release|Any CPU = Release|Any CPU
		SingleImage|Any CPU = SingleImage|Any CPU
	EndGlobalSection
	GlobalSection(ProjectConfigurationPlatforms) = postSolution
		{9E477E1A-4CFC-42EB-826F-1D91E924FAF0}.CD_ROM|Any CPU.ActiveCfg = Release|Any CPU
		{9E477E1A-4CFC-42EB-826F-1D91E924FAF0}.CD_ROM|Any CPU.Build.0 = Release|Any CPU
		{9E477E1A-4CFC-42EB-826F-1D91E924FAF0}.Debug|Any CPU.ActiveCfg = Debug|Any CPU
		{9E477E1A-4CFC-42EB-826F-1D91E924FAF0}.Debug|Any CPU.Build.0 = Debug|Any CPU
		{9E477E1A-4CFC-42EB-826F-1D91E924FAF0}.DVD-5|Any CPU.ActiveCfg = Debug|Any CPU
		{9E477E1A-4CFC-42EB-826F-1D91E924FAF0}.DVD-5|Any CPU.Build.0 = Debug|Any CPU
		{9E477E1A-4CFC-42EB-826F-1D91E924FAF0}.Release|Any CPU.ActiveCfg = Release|Any CPU
		{9E477E1A-4CFC-42EB-826F-1D91E924FAF0}.Release|Any CPU.Build.0 = Release|Any CPU
		{9E477E1A-4CFC-42EB-826F-1D91E924FAF0}.SingleImage|Any CPU.ActiveCfg = Release|Any CPU
		{9E477E1A-4CFC-42EB-826F-1D91E924FAF0}.SingleImage|Any CPU.Build.0 = Release|Any CPU
		{44C76A22-259B-4B79-80F2-FC4EF94BD590}.CD_ROM|Any CPU.ActiveCfg = Release|Any CPU
		{44C76A22-259B-4B79-80F2-FC4EF94BD590}.CD_ROM|Any CPU.Build.0 = Release|Any CPU
		{44C76A22-259B-4B79-80F2-FC4EF94BD590}.Debug|Any CPU.ActiveCfg = Debug|Any CPU
		{44C76A22-259B-4B79-80F2-FC4EF94BD590}.Debug|Any CPU.Build.0 = Debug|Any CPU
		{44C76A22-259B-4B79-80F2-FC4EF94BD590}.DVD-5|Any CPU.ActiveCfg = Debug|Any CPU
		{44C76A22-259B-4B79-80F2-FC4EF94BD590}.DVD-5|Any CPU.Build.0 = Debug|Any CPU
		{44C76A22-259B-4B79-80F2-FC4EF94BD590}.Release|Any CPU.ActiveCfg = Release|Any CPU
		{44C76A22-259B-4B79-80F2-FC4EF94BD590}.Release|Any CPU.Build.0 = Release|Any CPU
		{44C76A22-259B-4B79-80F2-FC4EF94BD590}.SingleImage|Any CPU.ActiveCfg = Release|Any CPU
		{44C76A22-259B-4B79-80F2-FC4EF94BD590}.SingleImage|Any CPU.Build.0 = Release|Any CPU
		{41EE4447-BBF7-4D83-9F24-74F3095680D2}.CD_ROM|Any CPU.ActiveCfg = Release|Any CPU
		{41EE4447-BBF7-4D83-9F24-74F3095680D2}.CD_ROM|Any CPU.Build.0 = Release|Any CPU
		{41EE4447-BBF7-4D83-9F24-74F3095680D2}.Debug|Any CPU.ActiveCfg = Debug|Any CPU
		{41EE4447-BBF7-4D83-9F24-74F3095680D2}.Debug|Any CPU.Build.0 = Debug|Any CPU
		{41EE4447-BBF7-4D83-9F24-74F3095680D2}.DVD-5|Any CPU.ActiveCfg = Debug|Any CPU
		{41EE4447-BBF7-4D83-9F24-74F3095680D2}.DVD-5|Any CPU.Build.0 = Debug|Any CPU
		{41EE4447-BBF7-4D83-9F24-74F3095680D2}.Release|Any CPU.ActiveCfg = Release|Any CPU
		{41EE4447-BBF7-4D83-9F24-74F3095680D2}.Release|Any CPU.Build.0 = Release|Any CPU
		{41EE4447-BBF7-4D83-9F24-74F3095680D2}.SingleImage|Any CPU.ActiveCfg = Release|Any CPU
		{41EE4447-BBF7-4D83-9F24-74F3095680D2}.SingleImage|Any CPU.Build.0 = Release|Any CPU
		{C4F75CBE-E09A-4454-ABA3-9A3B43399728}.CD_ROM|Any CPU.ActiveCfg = CD_ROM
		{C4F75CBE-E09A-4454-ABA3-9A3B43399728}.CD_ROM|Any CPU.Build.0 = CD_ROM
		{C4F75CBE-E09A-4454-ABA3-9A3B43399728}.Debug|Any CPU.ActiveCfg = DVD-5
		{C4F75CBE-E09A-4454-ABA3-9A3B43399728}.Debug|Any CPU.Build.0 = DVD-5
		{C4F75CBE-E09A-4454-ABA3-9A3B43399728}.DVD-5|Any CPU.ActiveCfg = DVD-5
		{C4F75CBE-E09A-4454-ABA3-9A3B43399728}.DVD-5|Any CPU.Build.0 = DVD-5
		{C4F75CBE-E09A-4454-ABA3-9A3B43399728}.Release|Any CPU.ActiveCfg = SingleImage
		{C4F75CBE-E09A-4454-ABA3-9A3B43399728}.Release|Any CPU.Build.0 = SingleImage
		{C4F75CBE-E09A-4454-ABA3-9A3B43399728}.SingleImage|Any CPU.ActiveCfg = SingleImage
		{C4F75CBE-E09A-4454-ABA3-9A3B43399728}.SingleImage|Any CPU.Build.0 = SingleImage
		{A196D281-2E94-4E65-9239-65A2800BF79B}.CD_ROM|Any CPU.ActiveCfg = Release|Any CPU
		{A196D281-2E94-4E65-9239-65A2800BF79B}.CD_ROM|Any CPU.Build.0 = Release|Any CPU
		{A196D281-2E94-4E65-9239-65A2800BF79B}.Debug|Any CPU.ActiveCfg = Debug|Any CPU
		{A196D281-2E94-4E65-9239-65A2800BF79B}.Debug|Any CPU.Build.0 = Debug|Any CPU
		{A196D281-2E94-4E65-9239-65A2800BF79B}.DVD-5|Any CPU.ActiveCfg = Debug|Any CPU
		{A196D281-2E94-4E65-9239-65A2800BF79B}.DVD-5|Any CPU.Build.0 = Debug|Any CPU
		{A196D281-2E94-4E65-9239-65A2800BF79B}.Release|Any CPU.ActiveCfg = Release|Any CPU
		{A196D281-2E94-4E65-9239-65A2800BF79B}.Release|Any CPU.Build.0 = Release|Any CPU
		{A196D281-2E94-4E65-9239-65A2800BF79B}.SingleImage|Any CPU.ActiveCfg = Release|Any CPU
		{A196D281-2E94-4E65-9239-65A2800BF79B}.SingleImage|Any CPU.Build.0 = Release|Any CPU
		{A23F12AB-72E1-482D-9057-72E868306069}.CD_ROM|Any CPU.ActiveCfg = Release|Any CPU
		{A23F12AB-72E1-482D-9057-72E868306069}.CD_ROM|Any CPU.Build.0 = Release|Any CPU
		{A23F12AB-72E1-482D-9057-72E868306069}.Debug|Any CPU.ActiveCfg = Debug|Any CPU
		{A23F12AB-72E1-482D-9057-72E868306069}.Debug|Any CPU.Build.0 = Debug|Any CPU
		{A23F12AB-72E1-482D-9057-72E868306069}.DVD-5|Any CPU.ActiveCfg = Debug|Any CPU
		{A23F12AB-72E1-482D-9057-72E868306069}.DVD-5|Any CPU.Build.0 = Debug|Any CPU
		{A23F12AB-72E1-482D-9057-72E868306069}.Release|Any CPU.ActiveCfg = Release|Any CPU
		{A23F12AB-72E1-482D-9057-72E868306069}.Release|Any CPU.Build.0 = Release|Any CPU
		{A23F12AB-72E1-482D-9057-72E868306069}.SingleImage|Any CPU.ActiveCfg = Release|Any CPU
		{A23F12AB-72E1-482D-9057-72E868306069}.SingleImage|Any CPU.Build.0 = Release|Any CPU
		{4D183E80-0C74-43AA-8500-95108E3AF911}.CD_ROM|Any CPU.ActiveCfg = Release|Any CPU
		{4D183E80-0C74-43AA-8500-95108E3AF911}.CD_ROM|Any CPU.Build.0 = Release|Any CPU
		{4D183E80-0C74-43AA-8500-95108E3AF911}.Debug|Any CPU.ActiveCfg = Debug|Any CPU
		{4D183E80-0C74-43AA-8500-95108E3AF911}.Debug|Any CPU.Build.0 = Debug|Any CPU
		{4D183E80-0C74-43AA-8500-95108E3AF911}.DVD-5|Any CPU.ActiveCfg = Debug|Any CPU
		{4D183E80-0C74-43AA-8500-95108E3AF911}.DVD-5|Any CPU.Build.0 = Debug|Any CPU
		{4D183E80-0C74-43AA-8500-95108E3AF911}.Release|Any CPU.ActiveCfg = Release|Any CPU
		{4D183E80-0C74-43AA-8500-95108E3AF911}.Release|Any CPU.Build.0 = Release|Any CPU
		{4D183E80-0C74-43AA-8500-95108E3AF911}.SingleImage|Any CPU.ActiveCfg = Release|Any CPU
		{4D183E80-0C74-43AA-8500-95108E3AF911}.SingleImage|Any CPU.Build.0 = Release|Any CPU
		{A88677BE-8D5B-46DA-92BA-4269EACF1DBD}.CD_ROM|Any CPU.ActiveCfg = Release|Any CPU
		{A88677BE-8D5B-46DA-92BA-4269EACF1DBD}.CD_ROM|Any CPU.Build.0 = Release|Any CPU
		{A88677BE-8D5B-46DA-92BA-4269EACF1DBD}.Debug|Any CPU.ActiveCfg = Debug|Any CPU
		{A88677BE-8D5B-46DA-92BA-4269EACF1DBD}.Debug|Any CPU.Build.0 = Debug|Any CPU
		{A88677BE-8D5B-46DA-92BA-4269EACF1DBD}.DVD-5|Any CPU.ActiveCfg = Debug|Any CPU
		{A88677BE-8D5B-46DA-92BA-4269EACF1DBD}.DVD-5|Any CPU.Build.0 = Debug|Any CPU
		{A88677BE-8D5B-46DA-92BA-4269EACF1DBD}.Release|Any CPU.ActiveCfg = Release|Any CPU
		{A88677BE-8D5B-46DA-92BA-4269EACF1DBD}.Release|Any CPU.Build.0 = Release|Any CPU
		{A88677BE-8D5B-46DA-92BA-4269EACF1DBD}.SingleImage|Any CPU.ActiveCfg = Release|Any CPU
		{A88677BE-8D5B-46DA-92BA-4269EACF1DBD}.SingleImage|Any CPU.Build.0 = Release|Any CPU
		{31310585-1A66-4D64-A415-78595A23BE7F}.CD_ROM|Any CPU.ActiveCfg = Release|Any CPU
		{31310585-1A66-4D64-A415-78595A23BE7F}.CD_ROM|Any CPU.Build.0 = Release|Any CPU
		{31310585-1A66-4D64-A415-78595A23BE7F}.Debug|Any CPU.ActiveCfg = Debug|Any CPU
		{31310585-1A66-4D64-A415-78595A23BE7F}.Debug|Any CPU.Build.0 = Debug|Any CPU
		{31310585-1A66-4D64-A415-78595A23BE7F}.DVD-5|Any CPU.ActiveCfg = Debug|Any CPU
		{31310585-1A66-4D64-A415-78595A23BE7F}.DVD-5|Any CPU.Build.0 = Debug|Any CPU
		{31310585-1A66-4D64-A415-78595A23BE7F}.Release|Any CPU.ActiveCfg = Release|Any CPU
		{31310585-1A66-4D64-A415-78595A23BE7F}.Release|Any CPU.Build.0 = Release|Any CPU
		{31310585-1A66-4D64-A415-78595A23BE7F}.SingleImage|Any CPU.ActiveCfg = Release|Any CPU
		{31310585-1A66-4D64-A415-78595A23BE7F}.SingleImage|Any CPU.Build.0 = Release|Any CPU
		{599D1F50-A17B-4070-8D70-9865CA95CE26}.CD_ROM|Any CPU.ActiveCfg = Release|Any CPU
		{599D1F50-A17B-4070-8D70-9865CA95CE26}.CD_ROM|Any CPU.Build.0 = Release|Any CPU
		{599D1F50-A17B-4070-8D70-9865CA95CE26}.Debug|Any CPU.ActiveCfg = Debug|Any CPU
		{599D1F50-A17B-4070-8D70-9865CA95CE26}.Debug|Any CPU.Build.0 = Debug|Any CPU
		{599D1F50-A17B-4070-8D70-9865CA95CE26}.DVD-5|Any CPU.ActiveCfg = Debug|Any CPU
		{599D1F50-A17B-4070-8D70-9865CA95CE26}.DVD-5|Any CPU.Build.0 = Debug|Any CPU
		{599D1F50-A17B-4070-8D70-9865CA95CE26}.Release|Any CPU.ActiveCfg = Release|Any CPU
		{599D1F50-A17B-4070-8D70-9865CA95CE26}.Release|Any CPU.Build.0 = Release|Any CPU
		{599D1F50-A17B-4070-8D70-9865CA95CE26}.SingleImage|Any CPU.ActiveCfg = Release|Any CPU
		{599D1F50-A17B-4070-8D70-9865CA95CE26}.SingleImage|Any CPU.Build.0 = Release|Any CPU
	EndGlobalSection
	GlobalSection(SolutionProperties) = preSolution
		HideSolutionNode = FALSE
	EndGlobalSection
EndGlobal
